{
  "name": "stencil-starter-project-name",
  "version": "0.0.1",
  "lockfileVersion": 1,
  "requires": true,
  "dependencies": {
    "@stencil/core": {
      "version": "1.0.0-beta.5",
      "resolved": "https://registry.npmjs.org/@stencil/core/-/core-1.0.0-beta.5.tgz",
      "integrity": "sha512-rJpH57nn+E6F84HastQ8RDuhq+j5LeUey3sVW192y5VCTmHbMUfiwVgtFIUo6+BDIXagAG01rbm7WHCMTSGdSw==",
      "dev": true,
      "requires": {
        "typescript": "3.4.5"
      }
    },
    "typescript": {
      "version": "3.4.5",
      "resolved": "https://registry.npmjs.org/typescript/-/typescript-3.4.5.tgz",
      "integrity": "sha512-YycBxUb49UUhdNMU5aJ7z5Ej2XGmaIBL0x34vZ82fn3hGvD+bgrMrVDpatgz2f7YxUMJxMkbWxJZeAvDxVe7Vw==",
      "dev": true
    }
  }
}
