{
  "name": "stencil-starter-project-name",
  "version": "0.0.1",
  "lockfileVersion": 1,
  "requires": true,
  "dependencies": {
    "@stencil/core": {
      "version": "1.0.7",
      "resolved": "https://registry.npmjs.org/@stencil/core/-/core-1.0.7.tgz",
      "integrity": "sha512-RzH5CZuYSrk1gXZeWvh9gEIe93MAQficxnptAV/CX3SNtQNVHTFAuroj5d/XVhgR/TUwCD3FUJVvtNQIDgEt0w==",
      "dev": true,
      "requires": {
        "typescript": "3.5.2"
      }
    },
    "typescript": {
      "version": "3.5.2",
      "resolved": "https://registry.npmjs.org/typescript/-/typescript-3.5.2.tgz",
      "integrity": "sha512-7KxJovlYhTX5RaRbUdkAXN1KUZ8PwWlTzQdHV6xNqvuFOs7+WBo10TQUqT19Q/Jz2hk5v9TQDIhyLhhJY4p5AA==",
      "dev": true
    }
  }
}
